
Microsoft Visual Studio Solution File, Format Version 12.00
# Visual Studio 15
VisualStudioVersion = 15.0.28010.2048
MinimumVisualStudioVersion = 10.0.40219.1
Project("{FAE04EC0-301F-11D3-BF4B-00C04F79EFBC}") = "GamerRadar", "GamerRadar\GamerRadar.csproj", "{C94F20F0-490C-4E46-97C0-FD826C0A748F}"
EndProject
Global
	GlobalSection(SolutionConfigurationPlatforms) = preSolution
		Debug|Any CPU = Debug|Any CPU
		Release|Any CPU = Release|Any CPU
	EndGlobalSection
	GlobalSection(ProjectConfigurationPlatforms) = postSolution
		{C94F20F0-490C-4E46-97C0-FD826C0A748F}.Debug|Any CPU.ActiveCfg = Debug|Any CPU
		{C94F20F0-490C-4E46-97C0-FD826C0A748F}.Debug|Any CPU.Build.0 = Debug|Any CPU
		{C94F20F0-490C-4E46-97C0-FD826C0A748F}.Release|Any CPU.ActiveCfg = Release|Any CPU
		{C94F20F0-490C-4E46-97C0-FD826C0A748F}.Release|Any CPU.Build.0 = Release|Any CPU
	EndGlobalSection
	GlobalSection(SolutionProperties) = preSolution
		HideSolutionNode = FALSE
	EndGlobalSection
	GlobalSection(ExtensibilityGlobals) = postSolution
		SolutionGuid = {8912438D-41ED-4EBD-9AFB-732DFB4C5FC1}
	EndGlobalSection
EndGlobal
